
Microsoft Visual Studio Solution File, Format Version 12.00
# Visual Studio Version 16
VisualStudioVersion = 16.0.30517.126
MinimumVisualStudioVersion = 10.0.40219.1
Project("{9A19103F-16F7-4668-BE54-9A1E7A4F7556}") = "asp-net-core-web-app", "asp-net-core-web-app\asp-net-core-web-app.csproj", "{B325C1B7-0FB3-499B-BBF3-0652633E15C2}"
EndProject
Project("{2150E333-8FDC-42A3-9474-1A3956D46DE8}") = "Solution Items", "Solution Items", "{EF61A3B3-CA11-4CDB-ACDF-AAD7025E600D}"
	ProjectSection(SolutionItems) = preProject
		manifest.yml = manifest.yml
	EndProjectSection
EndProject
Global
	GlobalSection(SolutionConfigurationPlatforms) = preSolution
		Debug|Any CPU = Debug|Any CPU
		Release|Any CPU = Release|Any CPU
	EndGlobalSection
	GlobalSection(ProjectConfigurationPlatforms) = postSolution
		{B325C1B7-0FB3-499B-BBF3-0652633E15C2}.Debug|Any CPU.ActiveCfg = Debug|Any CPU
		{B325C1B7-0FB3-499B-BBF3-0652633E15C2}.Debug|Any CPU.Build.0 = Debug|Any CPU
		{B325C1B7-0FB3-499B-BBF3-0652633E15C2}.Release|Any CPU.ActiveCfg = Release|Any CPU
		{B325C1B7-0FB3-499B-BBF3-0652633E15C2}.Release|Any CPU.Build.0 = Release|Any CPU
	EndGlobalSection
	GlobalSection(SolutionProperties) = preSolution
		HideSolutionNode = FALSE
	EndGlobalSection
	GlobalSection(ExtensibilityGlobals) = postSolution
		SolutionGuid = {30FE50CB-610B-4D1C-A6E2-F98770DDA484}
	EndGlobalSection
EndGlobal
